{
  "name": "service-contract",
  "lockfileVersion": 2,
  "requires": true,
  "packages": {
    "": {
      "dependencies": {
        "@openzeppelin/contracts": "^4.4.2",
        "secp256k1": "^4.0.3",
        "web3-utils": "^1.6.1"
      }
    },
    "node_modules/@openzeppelin/contracts": {
      "version": "4.4.2",
      "resolved": "https://registry.npmmirror.com/@openzeppelin/contracts/download/@openzeppelin/contracts-4.4.2.tgz",
      "integrity": "sha512-NyJV7sJgoGYqbtNUWgzzOGW4T6rR19FmX1IJgXGdapGPWsuMelGJn9h03nos0iqfforCbCB0iYIR0MtIuIFLLw=="
    },
    "node_modules/@types/bn.js": {
      "version": "5.1.0",
      "resolved": "https://r.cnpmjs.org/@types/bn.js/download/@types/bn.js-5.1.0.tgz",
      "integrity": "sha1-MsXScVA6EmU8Ys9NK0Xm6rjOvGg=",
      "dependencies": {
        "@types/node": "*"
      }
    },
    "node_modules/@types/node": {
      "version": "17.0.8",
      "resolved": "https://rg.cnpmjs.org/@types/node/download/@types/node-17.0.8.tgz",
      "integrity": "sha512-YofkM6fGv4gDJq78g4j0mMuGMkZVxZDgtU0JRdx6FgiJDG+0fY0GKVolOV8WqVmEhLCXkQRjwDdKyPxJp/uucg=="
    },
    "node_modules/@types/pbkdf2": {
      "version": "3.1.0",
      "resolved": "https://r.cnpmjs.org/@types/pbkdf2/download/@types/pbkdf2-3.1.0.tgz",
      "integrity": "sha1-A5oOm2faDNxO5dq4Zcqmsme7ZrE=",
      "dependencies": {
        "@types/node": "*"
      }
    },
    "node_modules/@types/secp256k1": {
      "version": "4.0.3",
      "resolved": "https://r.cnpmjs.org/@types/secp256k1/download/@types/secp256k1-4.0.3.tgz",
      "integrity": "sha1-G45V2OAPCO5yILTVmmq+icN6kBw=",
      "dependencies": {
        "@types/node": "*"
      }
    },
    "node_modules/base-x": {
      "version": "3.0.9",
      "resolved": "https://r.cnpmjs.org/base-x/download/base-x-3.0.9.tgz",
      "integrity": "sha1-Y0mqq7WFJjMt6fYJleVIpT/iEyA=",
      "license": "MIT",
      "dependencies": {
        "safe-buffer": "^5.0.1"
      }
    },
    "node_modules/blakejs": {
      "version": "1.1.1",
      "resolved": "https://r.cnpmjs.org/blakejs/download/blakejs-1.1.1.tgz",
      "integrity": "sha1-vzEwU5eLLNTERKSHlXEL4Fx4VwI="
    },
    "node_modules/bn.js": {
      "version": "4.12.0",
      "resolved": "https://r.cnpmjs.org/bn.js/download/bn.js-4.12.0.tgz",
      "integrity": "sha1-d1s/J477uXGO7HNh9IP7Nvu/6og="
    },
    "node_modules/brorand": {
      "version": "1.1.0",
      "resolved": "https://r.cnpmjs.org/brorand/download/brorand-1.1.0.tgz",
      "integrity": "sha1-EsJe/kCkXjwyPrhnWgoM5XsiNx8="
    },
    "node_modules/browserify-aes": {
      "version": "1.2.0",
      "resolved": "https://r.cnpmjs.org/browserify-aes/download/browserify-aes-1.2.0.tgz",
      "integrity": "sha1-Mmc0ZC9APavDADIJhTu3CtQo70g=",
      "dependencies": {
        "buffer-xor": "^1.0.3",
        "cipher-base": "^1.0.0",
        "create-hash": "^1.1.0",
        "evp_bytestokey": "^1.0.3",
        "inherits": "^2.0.1",
        "safe-buffer": "^5.0.1"
      }
    },
    "node_modules/bs58": {
      "version": "4.0.1",
      "resolved": "https://r.cnpmjs.org/bs58/download/bs58-4.0.1.tgz",
      "integrity": "sha1-vhYedsNU9veIrkBx9j806MTwpCo=",
      "dependencies": {
        "base-x": "^3.0.2"
      }
    },
    "node_modules/bs58check": {
      "version": "2.1.2",
      "resolved": "https://r.cnpmjs.org/bs58check/download/bs58check-2.1.2.tgz",
      "integrity": "sha1-U7AYKRIo2CpaoI59eW/a/aVK6/w=",
      "dependencies": {
        "bs58": "^4.0.0",
        "create-hash": "^1.1.0",
        "safe-buffer": "^5.1.2"
      }
    },
    "node_modules/buffer-xor": {
      "version": "1.0.3",
      "resolved": "https://r.cnpmjs.org/buffer-xor/download/buffer-xor-1.0.3.tgz",
      "integrity": "sha1-JuYe0UIvtw3ULm42cp7VHYVf6Nk="
    },
    "node_modules/cipher-base": {
      "version": "1.0.4",
      "resolved": "https://r.cnpmjs.org/cipher-base/download/cipher-base-1.0.4.tgz",
      "integrity": "sha1-h2Dk7MJy9MNjUy+SbYdKriwTl94=",
      "dependencies": {
        "inherits": "^2.0.1",
        "safe-buffer": "^5.0.1"
      }
    },
    "node_modules/create-hash": {
      "version": "1.2.0",
      "resolved": "https://r.cnpmjs.org/create-hash/download/create-hash-1.2.0.tgz",
      "integrity": "sha1-iJB4rxGmN1a8+1m9IhmWvjqe8ZY=",
      "dependencies": {
        "cipher-base": "^1.0.1",
        "inherits": "^2.0.1",
        "md5.js": "^1.3.4",
        "ripemd160": "^2.0.1",
        "sha.js": "^2.4.0"
      }
    },
    "node_modules/create-hmac": {
      "version": "1.1.7",
      "resolved": "https://r.cnpmjs.org/create-hmac/download/create-hmac-1.1.7.tgz",
      "integrity": "sha1-aRcMeLOrlXFHsriwRXLkfq0iQ/8=",
      "dependencies": {
        "cipher-base": "^1.0.3",
        "create-hash": "^1.1.0",
        "inherits": "^2.0.1",
        "ripemd160": "^2.0.0",
        "safe-buffer": "^5.0.1",
        "sha.js": "^2.4.8"
      }
    },
    "node_modules/elliptic": {
      "version": "6.5.4",
      "resolved": "https://r.cnpmjs.org/elliptic/download/elliptic-6.5.4.tgz",
      "integrity": "sha1-2jfOvTHnmhNn6UG1ku0fvr1Yq7s=",
      "dependencies": {
        "bn.js": "^4.11.9",
        "brorand": "^1.1.0",
        "hash.js": "^1.0.0",
        "hmac-drbg": "^1.0.1",
        "inherits": "^2.0.4",
        "minimalistic-assert": "^1.0.1",
        "minimalistic-crypto-utils": "^1.0.1"
      }
    },
    "node_modules/ethereum-bloom-filters": {
      "version": "1.0.10",
      "resolved": "https://r.cnpmjs.org/ethereum-bloom-filters/download/ethereum-bloom-filters-1.0.10.tgz",
      "integrity": "sha1-PKB/Su1pjnW9E0WEhQJgJGpf7Yo=",
      "dependencies": {
        "js-sha3": "^0.8.0"
      }
    },
    "node_modules/ethereum-cryptography": {
      "version": "0.1.3",
      "resolved": "https://rg.cnpmjs.org/ethereum-cryptography/download/ethereum-cryptography-0.1.3.tgz",
      "integrity": "sha1-jWFDz8PXS/ebvY7ezfKeSuIN0ZE=",
      "dependencies": {
        "@types/pbkdf2": "^3.0.0",
        "@types/secp256k1": "^4.0.1",
        "blakejs": "^1.1.0",
        "browserify-aes": "^1.2.0",
        "bs58check": "^2.1.2",
        "create-hash": "^1.2.0",
        "create-hmac": "^1.1.7",
        "hash.js": "^1.1.7",
        "keccak": "^3.0.0",
        "pbkdf2": "^3.0.17",
        "randombytes": "^2.1.0",
        "safe-buffer": "^5.1.2",
        "scrypt-js": "^3.0.0",
        "secp256k1": "^4.0.1",
        "setimmediate": "^1.0.5"
      }
    },
    "node_modules/ethereumjs-util": {
      "version": "7.1.3",
      "resolved": "https://r.cnpmjs.org/ethereumjs-util/download/ethereumjs-util-7.1.3.tgz",
      "integrity": "sha1-tV17ZN3j4+RXSeTEEogjjt7DLSM=",
      "license": "MPL-2.0",
      "dependencies": {
        "@types/bn.js": "^5.1.0",
        "bn.js": "^5.1.2",
        "create-hash": "^1.1.2",
        "ethereum-cryptography": "^0.1.3",
        "rlp": "^2.2.4"
      },
      "engines": {
        "node": ">=10.0.0"
      }
    },
    "node_modules/ethereumjs-util/node_modules/bn.js": {
      "version": "5.2.0",
      "resolved": "https://r.cnpmjs.org/bn.js/download/bn.js-5.2.0.tgz",
      "integrity": "sha1-NYhgZ0OWxpl3canQUfzBtX1K4AI="
    },
    "node_modules/ethjs-unit": {
      "version": "0.1.6",
      "resolved": "https://r.cnpmjs.org/ethjs-unit/download/ethjs-unit-0.1.6.tgz",
      "integrity": "sha1-xmWSHkduh7ziqdWIpv4EBbLEFpk=",
      "dependencies": {
        "bn.js": "4.11.6",
        "number-to-bn": "1.7.0"
      },
      "engines": {
        "node": ">=6.5.0",
        "npm": ">=3"
      }
    },
    "node_modules/ethjs-unit/node_modules/bn.js": {
      "version": "4.11.6",
      "resolved": "https://r.cnpmjs.org/bn.js/download/bn.js-4.11.6.tgz",
      "integrity": "sha1-UzRK2xRhehP26N0s4okF0cC6MhU="
    },
    "node_modules/evp_bytestokey": {
      "version": "1.0.3",
      "resolved": "https://rg.cnpmjs.org/evp_bytestokey/download/evp_bytestokey-1.0.3.tgz",
      "integrity": "sha1-f8vbGY3HGVlDLv4ThCaE4FJaywI=",
      "dependencies": {
        "md5.js": "^1.3.4",
        "safe-buffer": "^5.1.1"
      }
    },
    "node_modules/hash-base": {
      "version": "3.1.0",
      "resolved": "https://r.cnpmjs.org/hash-base/download/hash-base-3.1.0.tgz",
      "integrity": "sha1-VcOB2eBuHSmXqIO0o/3f5/DTrzM=",
      "dependencies": {
        "inherits": "^2.0.4",
        "readable-stream": "^3.6.0",
        "safe-buffer": "^5.2.0"
      },
      "engines": {
        "node": ">=4"
      }
    },
    "node_modules/hash.js": {
      "version": "1.1.7",
      "resolved": "https://r.cnpmjs.org/hash.js/download/hash.js-1.1.7.tgz",
      "integrity": "sha1-C6vKU46NTuSg+JiNaIZlN6ADz0I=",
      "dependencies": {
        "inherits": "^2.0.3",
        "minimalistic-assert": "^1.0.1"
      }
    },
    "node_modules/hmac-drbg": {
      "version": "1.0.1",
      "resolved": "https://r.cnpmjs.org/hmac-drbg/download/hmac-drbg-1.0.1.tgz",
      "integrity": "sha1-0nRXAQJabHdabFRXk+1QL8DGSaE=",
      "dependencies": {
        "hash.js": "^1.0.3",
        "minimalistic-assert": "^1.0.0",
        "minimalistic-crypto-utils": "^1.0.1"
      }
    },
    "node_modules/inherits": {
      "version": "2.0.4",
      "resolved": "https://r.cnpmjs.org/inherits/download/inherits-2.0.4.tgz",
      "integrity": "sha1-D6LGT5MpF8NDOg3tVTY6rjdBa3w="
    },
    "node_modules/is-hex-prefixed": {
      "version": "1.0.0",
      "resolved": "https://r.cnpmjs.org/is-hex-prefixed/download/is-hex-prefixed-1.0.0.tgz",
      "integrity": "sha1-fY035q135dEnFIkTxXPggtd39VQ=",
      "engines": {
        "node": ">=6.5.0",
        "npm": ">=3"
      }
    },
    "node_modules/js-sha3": {
      "version": "0.8.0",
      "resolved": "https://r.cnpmjs.org/js-sha3/download/js-sha3-0.8.0.tgz",
      "integrity": "sha1-ubel2nOvrX3t0PjEY5VMveaBiEA="
    },
    "node_modules/keccak": {
      "version": "3.0.2",
      "resolved": "https://rg.cnpmjs.org/keccak/download/keccak-3.0.2.tgz",
      "integrity": "sha1-TCxujFTgTyZw7kn6c0652hUiBuA=",
      "hasInstallScript": true,
      "dependencies": {
        "node-addon-api": "^2.0.0",
        "node-gyp-build": "^4.2.0",
        "readable-stream": "^3.6.0"
      },
      "engines": {
        "node": ">=10.0.0"
      }
    },
    "node_modules/md5.js": {
      "version": "1.3.5",
      "resolved": "https://r.cnpmjs.org/md5.js/download/md5.js-1.3.5.tgz",
      "integrity": "sha1-tdB7jjIW4+J81yjXL3DR5qNCAF8=",
      "dependencies": {
        "hash-base": "^3.0.0",
        "inherits": "^2.0.1",
        "safe-buffer": "^5.1.2"
      }
    },
    "node_modules/minimalistic-assert": {
      "version": "1.0.1",
      "resolved": "https://r.cnpmjs.org/minimalistic-assert/download/minimalistic-assert-1.0.1.tgz",
      "integrity": "sha1-LhlN4ERibUoQ5/f7wAznPoPk1cc="
    },
    "node_modules/minimalistic-crypto-utils": {
      "version": "1.0.1",
      "resolved": "https://r.cnpmjs.org/minimalistic-crypto-utils/download/minimalistic-crypto-utils-1.0.1.tgz",
      "integrity": "sha1-9sAMHAsIIkblxNmd+4x8CDsrWCo="
    },
    "node_modules/node-addon-api": {
      "version": "2.0.2",
      "resolved": "https://r.cnpmjs.org/node-addon-api/download/node-addon-api-2.0.2.tgz",
      "integrity": "sha1-Qyz6gpYs5JSxMunXKhWyn3H/XTI="
    },
    "node_modules/node-gyp-build": {
      "version": "4.3.0",
      "resolved": "https://r.cnpmjs.org/node-gyp-build/download/node-gyp-build-4.3.0.tgz",
      "integrity": "sha1-nyVrA+WCYVC+Ocdkv1Hpk5RtcaM=",
      "bin": {
        "node-gyp-build": "bin.js",
        "node-gyp-build-optional": "optional.js",
        "node-gyp-build-test": "build-test.js"
      }
    },
    "node_modules/number-to-bn": {
      "version": "1.7.0",
      "resolved": "https://r.cnpmjs.org/number-to-bn/download/number-to-bn-1.7.0.tgz",
      "integrity": "sha1-uzYjWS9+X54AMLGXe9QaDFP+HqA=",
      "dependencies": {
        "bn.js": "4.11.6",
        "strip-hex-prefix": "1.0.0"
      },
      "engines": {
        "node": ">=6.5.0",
        "npm": ">=3"
      }
    },
    "node_modules/number-to-bn/node_modules/bn.js": {
      "version": "4.11.6",
      "resolved": "https://r.cnpmjs.org/bn.js/download/bn.js-4.11.6.tgz",
      "integrity": "sha1-UzRK2xRhehP26N0s4okF0cC6MhU="
    },
    "node_modules/pbkdf2": {
      "version": "3.1.2",
      "resolved": "https://r.cnpmjs.org/pbkdf2/download/pbkdf2-3.1.2.tgz",
      "integrity": "sha1-3YIqoIh1gOUvGgOdw+2hCO+uMHU=",
      "dependencies": {
        "create-hash": "^1.1.2",
        "create-hmac": "^1.1.4",
        "ripemd160": "^2.0.1",
        "safe-buffer": "^5.0.1",
        "sha.js": "^2.4.8"
      },
      "engines": {
        "node": ">=0.12"
      }
    },
    "node_modules/randombytes": {
      "version": "2.1.0",
      "resolved": "https://r.cnpmjs.org/randombytes/download/randombytes-2.1.0.tgz",
      "integrity": "sha1-32+ENy8CcNxlzfYpE0mrekc9Tyo=",
      "dependencies": {
        "safe-buffer": "^5.1.0"
      }
    },
    "node_modules/readable-stream": {
      "version": "3.6.0",
      "resolved": "https://r.cnpmjs.org/readable-stream/download/readable-stream-3.6.0.tgz",
      "integrity": "sha1-M3u9o63AcGvT4CRCaihtS0sskZg=",
      "dependencies": {
        "inherits": "^2.0.3",
        "string_decoder": "^1.1.1",
        "util-deprecate": "^1.0.1"
      },
      "engines": {
        "node": ">= 6"
      }
    },
    "node_modules/ripemd160": {
      "version": "2.0.2",
      "resolved": "https://r.cnpmjs.org/ripemd160/download/ripemd160-2.0.2.tgz",
      "integrity": "sha1-ocGm9iR1FXe6XQeRTLyShQWFiQw=",
      "dependencies": {
        "hash-base": "^3.0.0",
        "inherits": "^2.0.1"
      }
    },
    "node_modules/rlp": {
      "version": "2.2.7",
      "resolved": "https://r.cnpmjs.org/rlp/download/rlp-2.2.7.tgz",
      "integrity": "sha1-M/McSvrIESSsSyg+K9TZcgswvq8=",
      "license": "MPL-2.0",
      "dependencies": {
        "bn.js": "^5.2.0"
      },
      "bin": {
        "rlp": "bin/rlp"
      }
    },
    "node_modules/rlp/node_modules/bn.js": {
      "version": "5.2.0",
      "resolved": "https://r.cnpmjs.org/bn.js/download/bn.js-5.2.0.tgz",
      "integrity": "sha1-NYhgZ0OWxpl3canQUfzBtX1K4AI="
    },
    "node_modules/safe-buffer": {
      "version": "5.2.1",
      "resolved": "https://r.cnpmjs.org/safe-buffer/download/safe-buffer-5.2.1.tgz",
      "integrity": "sha1-Hq+fqb2x/dTsdfWPnNtOa3gn7sY="
    },
    "node_modules/scrypt-js": {
      "version": "3.0.1",
      "resolved": "https://r.cnpmjs.org/scrypt-js/download/scrypt-js-3.0.1.tgz",
      "integrity": "sha1-0xSlfCrvadGtmKE4oh/p6vqe4xI="
    },
    "node_modules/secp256k1": {
      "version": "4.0.3",
      "resolved": "https://registry.npmmirror.com/secp256k1/download/secp256k1-4.0.3.tgz",
      "integrity": "sha512-NLZVf+ROMxwtEj3Xa562qgv2BK5e2WNmXPiOdVIPLgs6lyTzMvBq0aWTYMI5XCP9jZMVKOcqZLw/Wc4vDkuxhA==",
      "hasInstallScript": true,
      "dependencies": {
        "elliptic": "^6.5.4",
        "node-addon-api": "^2.0.0",
        "node-gyp-build": "^4.2.0"
      },
      "engines": {
        "node": ">=10.0.0"
      }
    },
    "node_modules/setimmediate": {
      "version": "1.0.5",
      "resolved": "https://r.cnpmjs.org/setimmediate/download/setimmediate-1.0.5.tgz",
      "integrity": "sha1-KQy7Iy4waULX1+qbg3Mqt4VvgoU="
    },
    "node_modules/sha.js": {
      "version": "2.4.11",
      "resolved": "https://r.cnpmjs.org/sha.js/download/sha.js-2.4.11.tgz",
      "integrity": "sha1-N6XPC4HsvGlD3hCbopYNGyZYSuc=",
      "dependencies": {
        "inherits": "^2.0.1",
        "safe-buffer": "^5.0.1"
      },
      "bin": {
        "sha.js": "bin.js"
      }
    },
    "node_modules/string_decoder": {
      "version": "1.3.0",
      "resolved": "https://r.cnpmjs.org/string_decoder/download/string_decoder-1.3.0.tgz",
      "integrity": "sha1-QvEUWUpGzxqOMLCoT1bHjD7awh4=",
      "dependencies": {
        "safe-buffer": "~5.2.0"
      }
    },
    "node_modules/strip-hex-prefix": {
      "version": "1.0.0",
      "resolved": "https://r.cnpmjs.org/strip-hex-prefix/download/strip-hex-prefix-1.0.0.tgz",
      "integrity": "sha1-DF8VX+8RUTczd96du1iNoFUA428=",
      "dependencies": {
        "is-hex-prefixed": "1.0.0"
      },
      "engines": {
        "node": ">=6.5.0",
        "npm": ">=3"
      }
    },
    "node_modules/utf8": {
      "version": "3.0.0",
      "resolved": "https://r.cnpmjs.org/utf8/download/utf8-3.0.0.tgz",
      "integrity": "sha1-8FLu0TZNaW52nvBYsYPfiMh/adE="
    },
    "node_modules/util-deprecate": {
      "version": "1.0.2",
      "resolved": "https://r.cnpmjs.org/util-deprecate/download/util-deprecate-1.0.2.tgz",
      "integrity": "sha1-RQ1Nyfpw3nMnYvvS1KKJgUGaDM8="
    },
    "node_modules/web3-utils": {
      "version": "1.6.1",
      "resolved": "https://rg.cnpmjs.org/web3-utils/download/web3-utils-1.6.1.tgz",
      "integrity": "sha512-RidGKv5kOkcerI6jQqDFDoTllQQqV+rPhTzZHhmbqtFObbYpU93uc+yG1LHivRTQhA6llIx67iudc/vzisgO+w==",
      "dependencies": {
        "bn.js": "^4.11.9",
        "ethereum-bloom-filters": "^1.0.6",
        "ethereumjs-util": "^7.1.0",
        "ethjs-unit": "0.1.6",
        "number-to-bn": "1.7.0",
        "randombytes": "^2.1.0",
        "utf8": "3.0.0"
      },
      "engines": {
        "node": ">=8.0.0"
      }
    }
  },
  "dependencies": {
    "@openzeppelin/contracts": {
      "version": "4.4.2",
      "resolved": "https://registry.npmmirror.com/@openzeppelin/contracts/download/@openzeppelin/contracts-4.4.2.tgz",
      "integrity": "sha512-NyJV7sJgoGYqbtNUWgzzOGW4T6rR19FmX1IJgXGdapGPWsuMelGJn9h03nos0iqfforCbCB0iYIR0MtIuIFLLw=="
    },
    "@types/bn.js": {
      "version": "5.1.0",
      "resolved": "https://r.cnpmjs.org/@types/bn.js/download/@types/bn.js-5.1.0.tgz",
      "integrity": "sha1-MsXScVA6EmU8Ys9NK0Xm6rjOvGg=",
      "requires": {
        "@types/node": "*"
      }
    },
    "@types/node": {
      "version": "17.0.8",
      "resolved": "https://rg.cnpmjs.org/@types/node/download/@types/node-17.0.8.tgz",
      "integrity": "sha512-YofkM6fGv4gDJq78g4j0mMuGMkZVxZDgtU0JRdx6FgiJDG+0fY0GKVolOV8WqVmEhLCXkQRjwDdKyPxJp/uucg=="
    },
    "@types/pbkdf2": {
      "version": "3.1.0",
      "resolved": "https://r.cnpmjs.org/@types/pbkdf2/download/@types/pbkdf2-3.1.0.tgz",
      "integrity": "sha1-A5oOm2faDNxO5dq4Zcqmsme7ZrE=",
      "requires": {
        "@types/node": "*"
      }
    },
    "@types/secp256k1": {
      "version": "4.0.3",
      "resolved": "https://r.cnpmjs.org/@types/secp256k1/download/@types/secp256k1-4.0.3.tgz",
      "integrity": "sha1-G45V2OAPCO5yILTVmmq+icN6kBw=",
      "requires": {
        "@types/node": "*"
      }
    },
    "base-x": {
      "version": "3.0.9",
      "resolved": "https://r.cnpmjs.org/base-x/download/base-x-3.0.9.tgz",
      "integrity": "sha1-Y0mqq7WFJjMt6fYJleVIpT/iEyA=",
      "requires": {
        "safe-buffer": "^5.0.1"
      }
    },
    "blakejs": {
      "version": "1.1.1",
      "resolved": "https://r.cnpmjs.org/blakejs/download/blakejs-1.1.1.tgz",
      "integrity": "sha1-vzEwU5eLLNTERKSHlXEL4Fx4VwI="
    },
    "bn.js": {
      "version": "4.12.0",
      "resolved": "https://r.cnpmjs.org/bn.js/download/bn.js-4.12.0.tgz",
      "integrity": "sha1-d1s/J477uXGO7HNh9IP7Nvu/6og="
    },
    "brorand": {
      "version": "1.1.0",
      "resolved": "https://r.cnpmjs.org/brorand/download/brorand-1.1.0.tgz",
      "integrity": "sha1-EsJe/kCkXjwyPrhnWgoM5XsiNx8="
    },
    "browserify-aes": {
      "version": "1.2.0",
      "resolved": "https://r.cnpmjs.org/browserify-aes/download/browserify-aes-1.2.0.tgz",
      "integrity": "sha1-Mmc0ZC9APavDADIJhTu3CtQo70g=",
      "requires": {
        "buffer-xor": "^1.0.3",
        "cipher-base": "^1.0.0",
        "create-hash": "^1.1.0",
        "evp_bytestokey": "^1.0.3",
        "inherits": "^2.0.1",
        "safe-buffer": "^5.0.1"
      }
    },
    "bs58": {
      "version": "4.0.1",
      "resolved": "https://r.cnpmjs.org/bs58/download/bs58-4.0.1.tgz",
      "integrity": "sha1-vhYedsNU9veIrkBx9j806MTwpCo=",
      "requires": {
        "base-x": "^3.0.2"
      }
    },
    "bs58check": {
      "version": "2.1.2",
      "resolved": "https://r.cnpmjs.org/bs58check/download/bs58check-2.1.2.tgz",
      "integrity": "sha1-U7AYKRIo2CpaoI59eW/a/aVK6/w=",
      "requires": {
        "bs58": "^4.0.0",
        "create-hash": "^1.1.0",
        "safe-buffer": "^5.1.2"
      }
    },
    "buffer-xor": {
      "version": "1.0.3",
      "resolved": "https://r.cnpmjs.org/buffer-xor/download/buffer-xor-1.0.3.tgz",
      "integrity": "sha1-JuYe0UIvtw3ULm42cp7VHYVf6Nk="
    },
    "cipher-base": {
      "version": "1.0.4",
      "resolved": "https://r.cnpmjs.org/cipher-base/download/cipher-base-1.0.4.tgz",
      "integrity": "sha1-h2Dk7MJy9MNjUy+SbYdKriwTl94=",
      "requires": {
        "inherits": "^2.0.1",
        "safe-buffer": "^5.0.1"
      }
    },
    "create-hash": {
      "version": "1.2.0",
      "resolved": "https://r.cnpmjs.org/create-hash/download/create-hash-1.2.0.tgz",
      "integrity": "sha1-iJB4rxGmN1a8+1m9IhmWvjqe8ZY=",
      "requires": {
        "cipher-base": "^1.0.1",
        "inherits": "^2.0.1",
        "md5.js": "^1.3.4",
        "ripemd160": "^2.0.1",
        "sha.js": "^2.4.0"
      }
    },
    "create-hmac": {
      "version": "1.1.7",
      "resolved": "https://r.cnpmjs.org/create-hmac/download/create-hmac-1.1.7.tgz",
      "integrity": "sha1-aRcMeLOrlXFHsriwRXLkfq0iQ/8=",
      "requires": {
        "cipher-base": "^1.0.3",
        "create-hash": "^1.1.0",
        "inherits": "^2.0.1",
        "ripemd160": "^2.0.0",
        "safe-buffer": "^5.0.1",
        "sha.js": "^2.4.8"
      }
    },
    "elliptic": {
      "version": "6.5.4",
      "resolved": "https://r.cnpmjs.org/elliptic/download/elliptic-6.5.4.tgz",
      "integrity": "sha1-2jfOvTHnmhNn6UG1ku0fvr1Yq7s=",
      "requires": {
        "bn.js": "^4.11.9",
        "brorand": "^1.1.0",
        "hash.js": "^1.0.0",
        "hmac-drbg": "^1.0.1",
        "inherits": "^2.0.4",
        "minimalistic-assert": "^1.0.1",
        "minimalistic-crypto-utils": "^1.0.1"
      }
    },
    "ethereum-bloom-filters": {
      "version": "1.0.10",
      "resolved": "https://r.cnpmjs.org/ethereum-bloom-filters/download/ethereum-bloom-filters-1.0.10.tgz",
      "integrity": "sha1-PKB/Su1pjnW9E0WEhQJgJGpf7Yo=",
      "requires": {
        "js-sha3": "^0.8.0"
      }
    },
    "ethereum-cryptography": {
      "version": "0.1.3",
      "resolved": "https://rg.cnpmjs.org/ethereum-cryptography/download/ethereum-cryptography-0.1.3.tgz",
      "integrity": "sha1-jWFDz8PXS/ebvY7ezfKeSuIN0ZE=",
      "requires": {
        "@types/pbkdf2": "^3.0.0",
        "@types/secp256k1": "^4.0.1",
        "blakejs": "^1.1.0",
        "browserify-aes": "^1.2.0",
        "bs58check": "^2.1.2",
        "create-hash": "^1.2.0",
        "create-hmac": "^1.1.7",
        "hash.js": "^1.1.7",
        "keccak": "^3.0.0",
        "pbkdf2": "^3.0.17",
        "randombytes": "^2.1.0",
        "safe-buffer": "^5.1.2",
        "scrypt-js": "^3.0.0",
        "secp256k1": "^4.0.1",
        "setimmediate": "^1.0.5"
      }
    },
    "ethereumjs-util": {
      "version": "7.1.3",
      "resolved": "https://r.cnpmjs.org/ethereumjs-util/download/ethereumjs-util-7.1.3.tgz",
      "integrity": "sha1-tV17ZN3j4+RXSeTEEogjjt7DLSM=",
      "requires": {
        "@types/bn.js": "^5.1.0",
        "bn.js": "^5.1.2",
        "create-hash": "^1.1.2",
        "ethereum-cryptography": "^0.1.3",
        "rlp": "^2.2.4"
      },
      "dependencies": {
        "bn.js": {
          "version": "5.2.0",
          "resolved": "https://r.cnpmjs.org/bn.js/download/bn.js-5.2.0.tgz",
          "integrity": "sha1-NYhgZ0OWxpl3canQUfzBtX1K4AI="
        }
      }
    },
    "ethjs-unit": {
      "version": "0.1.6",
      "resolved": "https://r.cnpmjs.org/ethjs-unit/download/ethjs-unit-0.1.6.tgz",
      "integrity": "sha1-xmWSHkduh7ziqdWIpv4EBbLEFpk=",
      "requires": {
        "bn.js": "4.11.6",
        "number-to-bn": "1.7.0"
      },
      "dependencies": {
        "bn.js": {
          "version": "4.11.6",
          "resolved": "https://r.cnpmjs.org/bn.js/download/bn.js-4.11.6.tgz",
          "integrity": "sha1-UzRK2xRhehP26N0s4okF0cC6MhU="
        }
      }
    },
    "evp_bytestokey": {
      "version": "1.0.3",
      "resolved": "https://rg.cnpmjs.org/evp_bytestokey/download/evp_bytestokey-1.0.3.tgz",
      "integrity": "sha1-f8vbGY3HGVlDLv4ThCaE4FJaywI=",
      "requires": {
        "md5.js": "^1.3.4",
        "safe-buffer": "^5.1.1"
      }
    },
    "hash-base": {
      "version": "3.1.0",
      "resolved": "https://r.cnpmjs.org/hash-base/download/hash-base-3.1.0.tgz",
      "integrity": "sha1-VcOB2eBuHSmXqIO0o/3f5/DTrzM=",
      "requires": {
        "inherits": "^2.0.4",
        "readable-stream": "^3.6.0",
        "safe-buffer": "^5.2.0"
      }
    },
    "hash.js": {
      "version": "1.1.7",
      "resolved": "https://r.cnpmjs.org/hash.js/download/hash.js-1.1.7.tgz",
      "integrity": "sha1-C6vKU46NTuSg+JiNaIZlN6ADz0I=",
      "requires": {
        "inherits": "^2.0.3",
        "minimalistic-assert": "^1.0.1"
      }
    },
    "hmac-drbg": {
      "version": "1.0.1",
      "resolved": "https://r.cnpmjs.org/hmac-drbg/download/hmac-drbg-1.0.1.tgz",
      "integrity": "sha1-0nRXAQJabHdabFRXk+1QL8DGSaE=",
      "requires": {
        "hash.js": "^1.0.3",
        "minimalistic-assert": "^1.0.0",
        "minimalistic-crypto-utils": "^1.0.1"
      }
    },
    "inherits": {
      "version": "2.0.4",
      "resolved": "https://r.cnpmjs.org/inherits/download/inherits-2.0.4.tgz",
      "integrity": "sha1-D6LGT5MpF8NDOg3tVTY6rjdBa3w="
    },
    "is-hex-prefixed": {
      "version": "1.0.0",
      "resolved": "https://r.cnpmjs.org/is-hex-prefixed/download/is-hex-prefixed-1.0.0.tgz",
      "integrity": "sha1-fY035q135dEnFIkTxXPggtd39VQ="
    },
    "js-sha3": {
      "version": "0.8.0",
      "resolved": "https://r.cnpmjs.org/js-sha3/download/js-sha3-0.8.0.tgz",
      "integrity": "sha1-ubel2nOvrX3t0PjEY5VMveaBiEA="
    },
    "keccak": {
      "version": "3.0.2",
      "resolved": "https://rg.cnpmjs.org/keccak/download/keccak-3.0.2.tgz",
      "integrity": "sha1-TCxujFTgTyZw7kn6c0652hUiBuA=",
      "requires": {
        "node-addon-api": "^2.0.0",
        "node-gyp-build": "^4.2.0",
        "readable-stream": "^3.6.0"
      }
    },
    "md5.js": {
      "version": "1.3.5",
      "resolved": "https://r.cnpmjs.org/md5.js/download/md5.js-1.3.5.tgz",
      "integrity": "sha1-tdB7jjIW4+J81yjXL3DR5qNCAF8=",
      "requires": {
        "hash-base": "^3.0.0",
        "inherits": "^2.0.1",
        "safe-buffer": "^5.1.2"
      }
    },
    "minimalistic-assert": {
      "version": "1.0.1",
      "resolved": "https://r.cnpmjs.org/minimalistic-assert/download/minimalistic-assert-1.0.1.tgz",
      "integrity": "sha1-LhlN4ERibUoQ5/f7wAznPoPk1cc="
    },
    "minimalistic-crypto-utils": {
      "version": "1.0.1",
      "resolved": "https://r.cnpmjs.org/minimalistic-crypto-utils/download/minimalistic-crypto-utils-1.0.1.tgz",
      "integrity": "sha1-9sAMHAsIIkblxNmd+4x8CDsrWCo="
    },
    "node-addon-api": {
      "version": "2.0.2",
      "resolved": "https://r.cnpmjs.org/node-addon-api/download/node-addon-api-2.0.2.tgz",
      "integrity": "sha1-Qyz6gpYs5JSxMunXKhWyn3H/XTI="
    },
    "node-gyp-build": {
      "version": "4.3.0",
      "resolved": "https://r.cnpmjs.org/node-gyp-build/download/node-gyp-build-4.3.0.tgz",
      "integrity": "sha1-nyVrA+WCYVC+Ocdkv1Hpk5RtcaM="
    },
    "number-to-bn": {
      "version": "1.7.0",
      "resolved": "https://r.cnpmjs.org/number-to-bn/download/number-to-bn-1.7.0.tgz",
      "integrity": "sha1-uzYjWS9+X54AMLGXe9QaDFP+HqA=",
      "requires": {
        "bn.js": "4.11.6",
        "strip-hex-prefix": "1.0.0"
      },
      "dependencies": {
        "bn.js": {
          "version": "4.11.6",
          "resolved": "https://r.cnpmjs.org/bn.js/download/bn.js-4.11.6.tgz",
          "integrity": "sha1-UzRK2xRhehP26N0s4okF0cC6MhU="
        }
      }
    },
    "pbkdf2": {
      "version": "3.1.2",
      "resolved": "https://r.cnpmjs.org/pbkdf2/download/pbkdf2-3.1.2.tgz",
      "integrity": "sha1-3YIqoIh1gOUvGgOdw+2hCO+uMHU=",
      "requires": {
        "create-hash": "^1.1.2",
        "create-hmac": "^1.1.4",
        "ripemd160": "^2.0.1",
        "safe-buffer": "^5.0.1",
        "sha.js": "^2.4.8"
      }
    },
    "randombytes": {
      "version": "2.1.0",
      "resolved": "https://r.cnpmjs.org/randombytes/download/randombytes-2.1.0.tgz",
      "integrity": "sha1-32+ENy8CcNxlzfYpE0mrekc9Tyo=",
      "requires": {
        "safe-buffer": "^5.1.0"
      }
    },
    "readable-stream": {
      "version": "3.6.0",
      "resolved": "https://r.cnpmjs.org/readable-stream/download/readable-stream-3.6.0.tgz",
      "integrity": "sha1-M3u9o63AcGvT4CRCaihtS0sskZg=",
      "requires": {
        "inherits": "^2.0.3",
        "string_decoder": "^1.1.1",
        "util-deprecate": "^1.0.1"
      }
    },
    "ripemd160": {
      "version": "2.0.2",
      "resolved": "https://r.cnpmjs.org/ripemd160/download/ripemd160-2.0.2.tgz",
      "integrity": "sha1-ocGm9iR1FXe6XQeRTLyShQWFiQw=",
      "requires": {
        "hash-base": "^3.0.0",
        "inherits": "^2.0.1"
      }
    },
    "rlp": {
      "version": "2.2.7",
      "resolved": "https://r.cnpmjs.org/rlp/download/rlp-2.2.7.tgz",
      "integrity": "sha1-M/McSvrIESSsSyg+K9TZcgswvq8=",
      "requires": {
        "bn.js": "^5.2.0"
      },
      "dependencies": {
        "bn.js": {
          "version": "5.2.0",
          "resolved": "https://r.cnpmjs.org/bn.js/download/bn.js-5.2.0.tgz",
          "integrity": "sha1-NYhgZ0OWxpl3canQUfzBtX1K4AI="
        }
      }
    },
    "safe-buffer": {
      "version": "5.2.1",
      "resolved": "https://r.cnpmjs.org/safe-buffer/download/safe-buffer-5.2.1.tgz",
      "integrity": "sha1-Hq+fqb2x/dTsdfWPnNtOa3gn7sY="
    },
    "scrypt-js": {
      "version": "3.0.1",
      "resolved": "https://r.cnpmjs.org/scrypt-js/download/scrypt-js-3.0.1.tgz",
      "integrity": "sha1-0xSlfCrvadGtmKE4oh/p6vqe4xI="
    },
    "secp256k1": {
      "version": "4.0.3",
      "resolved": "https://registry.npmmirror.com/secp256k1/download/secp256k1-4.0.3.tgz",
      "integrity": "sha512-NLZVf+ROMxwtEj3Xa562qgv2BK5e2WNmXPiOdVIPLgs6lyTzMvBq0aWTYMI5XCP9jZMVKOcqZLw/Wc4vDkuxhA==",
      "requires": {
        "elliptic": "^6.5.4",
        "node-addon-api": "^2.0.0",
        "node-gyp-build": "^4.2.0"
      }
    },
    "setimmediate": {
      "version": "1.0.5",
      "resolved": "https://r.cnpmjs.org/setimmediate/download/setimmediate-1.0.5.tgz",
      "integrity": "sha1-KQy7Iy4waULX1+qbg3Mqt4VvgoU="
    },
    "sha.js": {
      "version": "2.4.11",
      "resolved": "https://r.cnpmjs.org/sha.js/download/sha.js-2.4.11.tgz",
      "integrity": "sha1-N6XPC4HsvGlD3hCbopYNGyZYSuc=",
      "requires": {
        "inherits": "^2.0.1",
        "safe-buffer": "^5.0.1"
      }
    },
    "string_decoder": {
      "version": "1.3.0",
      "resolved": "https://r.cnpmjs.org/string_decoder/download/string_decoder-1.3.0.tgz",
      "integrity": "sha1-QvEUWUpGzxqOMLCoT1bHjD7awh4=",
      "requires": {
        "safe-buffer": "~5.2.0"
      }
    },
    "strip-hex-prefix": {
      "version": "1.0.0",
      "resolved": "https://r.cnpmjs.org/strip-hex-prefix/download/strip-hex-prefix-1.0.0.tgz",
      "integrity": "sha1-DF8VX+8RUTczd96du1iNoFUA428=",
      "requires": {
        "is-hex-prefixed": "1.0.0"
      }
    },
    "utf8": {
      "version": "3.0.0",
      "resolved": "https://r.cnpmjs.org/utf8/download/utf8-3.0.0.tgz",
      "integrity": "sha1-8FLu0TZNaW52nvBYsYPfiMh/adE="
    },
    "util-deprecate": {
      "version": "1.0.2",
      "resolved": "https://r.cnpmjs.org/util-deprecate/download/util-deprecate-1.0.2.tgz",
      "integrity": "sha1-RQ1Nyfpw3nMnYvvS1KKJgUGaDM8="
    },
    "web3-utils": {
      "version": "1.6.1",
      "resolved": "https://rg.cnpmjs.org/web3-utils/download/web3-utils-1.6.1.tgz",
      "integrity": "sha512-RidGKv5kOkcerI6jQqDFDoTllQQqV+rPhTzZHhmbqtFObbYpU93uc+yG1LHivRTQhA6llIx67iudc/vzisgO+w==",
      "requires": {
        "bn.js": "^4.11.9",
        "ethereum-bloom-filters": "^1.0.6",
        "ethereumjs-util": "^7.1.0",
        "ethjs-unit": "0.1.6",
        "number-to-bn": "1.7.0",
        "randombytes": "^2.1.0",
        "utf8": "3.0.0"
      }
    }
  }
}
